Microsoft Visual Studio Solution File, Format Version 11.00
# Visual Studio 2008

Project("{83854156-62AD-4EF4-AE02-F8919ACAB512}") = "jellyHunter", "Assembly-CSharp.csproj", "{4F77C6F9-3DC3-0C69-29E1-57386ED67D3A}"
EndProject
Global
	GlobalSection(SolutionConfigurationPlatforms) = preSolution
		Debug|Any CPU = Debug|Any CPU
		Release|Any CPU = Release|Any CPU
	EndGlobalSection
	GlobalSection(ProjectConfigurationPlatforms) = postSolution
		{4F77C6F9-3DC3-0C69-29E1-57386ED67D3A}.Debug|Any CPU.ActiveCfg = Debug|Any CPU
		{4F77C6F9-3DC3-0C69-29E1-57386ED67D3A}.Debug|Any CPU.Build.0 = Debug|Any CPU
		{4F77C6F9-3DC3-0C69-29E1-57386ED67D3A}.Release|Any CPU.ActiveCfg = Release|Any CPU
		{4F77C6F9-3DC3-0C69-29E1-57386ED67D3A}.Release|Any CPU.Build.0 = Release|Any CPU
	EndGlobalSection
	GlobalSection(SolutionProperties) = preSolution
		HideSolutionNode = FALSE
	EndGlobalSection
	GlobalSection(MonoDevelopProperties) = preSolution
		StartupItem = Assembly-CSharp.csproj
	EndGlobalSection
EndGlobal
